
Microsoft Visual Studio Solution File, Format Version 12.00
Project("{2150E333-8FDC-42A3-9474-1A3956D46DE8}") = "Chapter1", "Chapter1", "{F8EC1A68-31FF-47F5-AB9A-16BF92E919AA}"
EndProject
Project("{F2A71F9B-5D33-465A-A702-920D77279786}") = "ex1", "ex1\ex1.fsproj", "{F6A11AAC-75A4-4D98-9679-1625070F8206}"
EndProject
Project("{F2A71F9B-5D33-465A-A702-920D77279786}") = "ex2", "ex2\ex2.fsproj", "{3CA46927-9A80-486F-9480-BCE3EC58B0B2}"
EndProject
Project("{F2A71F9B-5D33-465A-A702-920D77279786}") = "ex3", "ex3\ex3.fsproj", "{AAC05F39-DE90-45EF-BC88-F09FDD538AAD}"
EndProject
Project("{F2A71F9B-5D33-465A-A702-920D77279786}") = "ex4", "ex4\ex4.fsproj", "{4AF63575-1B2B-47CB-8D5B-C650CD0B4980}"
EndProject
Project("{F2A71F9B-5D33-465A-A702-920D77279786}") = "ex5", "ex5\ex5.fsproj", "{4A02E4FA-DEAB-4428-8502-2259F61A3CBA}"
EndProject
Project("{2150E333-8FDC-42A3-9474-1A3956D46DE8}") = "Chapter2", "Chapter2", "{02594A13-17DD-4955-8E8E-846941275315}"
EndProject
Project("{F2A71F9B-5D33-465A-A702-920D77279786}") = "ex6", "ex6\ex6.fsproj", "{DE59CFC6-9743-4335-AD57-2DA8EC41C852}"
EndProject
Project("{F2A71F9B-5D33-465A-A702-920D77279786}") = "ex7", "ex7\ex7.fsproj", "{324F2B85-F3A0-479F-8D24-29EA2E8E555D}"
EndProject
Project("{F2A71F9B-5D33-465A-A702-920D77279786}") = "ex8", "ex8\ex8.fsproj", "{7BA52BAA-8B27-447A-9F2E-5441BEC14498}"
EndProject
Project("{2150E333-8FDC-42A3-9474-1A3956D46DE8}") = "Chapter3", "Chapter3", "{98D86BBB-8DE4-473D-AC3E-D586F4EA94D8}"
EndProject
Project("{F2A71F9B-5D33-465A-A702-920D77279786}") = "ex9", "ex9\ex9.fsproj", "{D065DA5B-4E77-45D9-8C54-54BDD6BDEE10}"
EndProject
Project("{F2A71F9B-5D33-465A-A702-920D77279786}") = "ex10", "ex10\ex10.fsproj", "{F1895B29-22BE-450D-9292-8BB8395AF035}"
EndProject
Project("{F2A71F9B-5D33-465A-A702-920D77279786}") = "ex11", "ex11\ex11.fsproj", "{35B09508-BD4B-4524-972A-E27453B206E0}"
EndProject
Project("{2150E333-8FDC-42A3-9474-1A3956D46DE8}") = "Chapter4", "Chapter4", "{48D8A473-FA77-4001-9B80-2173531968E6}"
EndProject
Project("{F2A71F9B-5D33-465A-A702-920D77279786}") = "ex12", "ex12\ex12.fsproj", "{88DCFB0F-F7DB-4A0C-BF73-312FBBB0A885}"
EndProject
Project("{F2A71F9B-5D33-465A-A702-920D77279786}") = "ex13", "ex13\ex13.fsproj", "{23EFF32D-AE70-42A6-BCCE-4B50975A69E2}"
EndProject
Project("{F2A71F9B-5D33-465A-A702-920D77279786}") = "ex14", "ex14\ex14.fsproj", "{AB5A165A-CC8B-4A7C-B646-E63054226773}"
EndProject
Project("{2150E333-8FDC-42A3-9474-1A3956D46DE8}") = "Chapter5", "Chapter5", "{75EB785E-E93C-4956-8B98-C3D426B1456C}"
EndProject
Project("{F2A71F9B-5D33-465A-A702-920D77279786}") = "ex15", "ex15\ex15.fsproj", "{89311DB5-9BDE-4F86-AE28-5FD5AE5E045B}"
EndProject
Project("{F2A71F9B-5D33-465A-A702-920D77279786}") = "ex16", "ex16\ex16.fsproj", "{400F15F3-F174-4892-975E-4785DDF5C311}"
EndProject
Project("{F2A71F9B-5D33-465A-A702-920D77279786}") = "ex17", "ex17\ex17.fsproj", "{1A48B84A-D80E-4221-B4E0-0591CEA3FF2F}"
EndProject
Project("{2150E333-8FDC-42A3-9474-1A3956D46DE8}") = "Chapter6", "Chapter6", "{F6E0FE55-6205-47DA-9624-D80FF6FCDFF3}"
EndProject
Project("{F2A71F9B-5D33-465A-A702-920D77279786}") = "ex18", "ex18\ex18.fsproj", "{E0E7503C-B906-4E64-933B-05BD84D1C179}"
EndProject
Project("{2150E333-8FDC-42A3-9474-1A3956D46DE8}") = "Chapter7", "Chapter7", "{07D67BE4-E195-45E3-AE33-4A09D7E27841}"
EndProject
Project("{F2A71F9B-5D33-465A-A702-920D77279786}") = "ex19", "ex19\ex19.fsproj", "{BE9FA260-1ED6-4616-B127-2918F26460BB}"
EndProject
Project("{F2A71F9B-5D33-465A-A702-920D77279786}") = "ex20", "ex20\ex20.fsproj", "{494430F0-5D9F-4A77-8659-281A469DBA9A}"
EndProject
Global
	GlobalSection(SolutionConfigurationPlatforms) = preSolution
		Debug|Any CPU = Debug|Any CPU
		Release|Any CPU = Release|Any CPU
	EndGlobalSection
	GlobalSection(ProjectConfigurationPlatforms) = postSolution
		{F6A11AAC-75A4-4D98-9679-1625070F8206}.Debug|Any CPU.ActiveCfg = Debug|Any CPU
		{F6A11AAC-75A4-4D98-9679-1625070F8206}.Debug|Any CPU.Build.0 = Debug|Any CPU
		{F6A11AAC-75A4-4D98-9679-1625070F8206}.Release|Any CPU.ActiveCfg = Release|Any CPU
		{F6A11AAC-75A4-4D98-9679-1625070F8206}.Release|Any CPU.Build.0 = Release|Any CPU
		{3CA46927-9A80-486F-9480-BCE3EC58B0B2}.Debug|Any CPU.ActiveCfg = Debug|Any CPU
		{3CA46927-9A80-486F-9480-BCE3EC58B0B2}.Debug|Any CPU.Build.0 = Debug|Any CPU
		{3CA46927-9A80-486F-9480-BCE3EC58B0B2}.Release|Any CPU.ActiveCfg = Release|Any CPU
		{3CA46927-9A80-486F-9480-BCE3EC58B0B2}.Release|Any CPU.Build.0 = Release|Any CPU
		{AAC05F39-DE90-45EF-BC88-F09FDD538AAD}.Debug|Any CPU.ActiveCfg = Debug|Any CPU
		{AAC05F39-DE90-45EF-BC88-F09FDD538AAD}.Debug|Any CPU.Build.0 = Debug|Any CPU
		{AAC05F39-DE90-45EF-BC88-F09FDD538AAD}.Release|Any CPU.ActiveCfg = Release|Any CPU
		{AAC05F39-DE90-45EF-BC88-F09FDD538AAD}.Release|Any CPU.Build.0 = Release|Any CPU
		{4AF63575-1B2B-47CB-8D5B-C650CD0B4980}.Debug|Any CPU.ActiveCfg = Debug|Any CPU
		{4AF63575-1B2B-47CB-8D5B-C650CD0B4980}.Debug|Any CPU.Build.0 = Debug|Any CPU
		{4AF63575-1B2B-47CB-8D5B-C650CD0B4980}.Release|Any CPU.ActiveCfg = Release|Any CPU
		{4AF63575-1B2B-47CB-8D5B-C650CD0B4980}.Release|Any CPU.Build.0 = Release|Any CPU
		{4A02E4FA-DEAB-4428-8502-2259F61A3CBA}.Debug|Any CPU.ActiveCfg = Debug|Any CPU
		{4A02E4FA-DEAB-4428-8502-2259F61A3CBA}.Debug|Any CPU.Build.0 = Debug|Any CPU
		{4A02E4FA-DEAB-4428-8502-2259F61A3CBA}.Release|Any CPU.ActiveCfg = Release|Any CPU
		{4A02E4FA-DEAB-4428-8502-2259F61A3CBA}.Release|Any CPU.Build.0 = Release|Any CPU
		{DE59CFC6-9743-4335-AD57-2DA8EC41C852}.Debug|Any CPU.ActiveCfg = Debug|Any CPU
		{DE59CFC6-9743-4335-AD57-2DA8EC41C852}.Debug|Any CPU.Build.0 = Debug|Any CPU
		{DE59CFC6-9743-4335-AD57-2DA8EC41C852}.Release|Any CPU.ActiveCfg = Release|Any CPU
		{DE59CFC6-9743-4335-AD57-2DA8EC41C852}.Release|Any CPU.Build.0 = Release|Any CPU
		{324F2B85-F3A0-479F-8D24-29EA2E8E555D}.Debug|Any CPU.ActiveCfg = Debug|Any CPU
		{324F2B85-F3A0-479F-8D24-29EA2E8E555D}.Debug|Any CPU.Build.0 = Debug|Any CPU
		{324F2B85-F3A0-479F-8D24-29EA2E8E555D}.Release|Any CPU.ActiveCfg = Release|Any CPU
		{324F2B85-F3A0-479F-8D24-29EA2E8E555D}.Release|Any CPU.Build.0 = Release|Any CPU
		{7BA52BAA-8B27-447A-9F2E-5441BEC14498}.Debug|Any CPU.ActiveCfg = Debug|Any CPU
		{7BA52BAA-8B27-447A-9F2E-5441BEC14498}.Debug|Any CPU.Build.0 = Debug|Any CPU
		{7BA52BAA-8B27-447A-9F2E-5441BEC14498}.Release|Any CPU.ActiveCfg = Release|Any CPU
		{7BA52BAA-8B27-447A-9F2E-5441BEC14498}.Release|Any CPU.Build.0 = Release|Any CPU
		{D065DA5B-4E77-45D9-8C54-54BDD6BDEE10}.Debug|Any CPU.ActiveCfg = Debug|Any CPU
		{D065DA5B-4E77-45D9-8C54-54BDD6BDEE10}.Debug|Any CPU.Build.0 = Debug|Any CPU
		{D065DA5B-4E77-45D9-8C54-54BDD6BDEE10}.Release|Any CPU.ActiveCfg = Release|Any CPU
		{D065DA5B-4E77-45D9-8C54-54BDD6BDEE10}.Release|Any CPU.Build.0 = Release|Any CPU
		{F1895B29-22BE-450D-9292-8BB8395AF035}.Debug|Any CPU.ActiveCfg = Debug|Any CPU
		{F1895B29-22BE-450D-9292-8BB8395AF035}.Debug|Any CPU.Build.0 = Debug|Any CPU
		{F1895B29-22BE-450D-9292-8BB8395AF035}.Release|Any CPU.ActiveCfg = Release|Any CPU
		{F1895B29-22BE-450D-9292-8BB8395AF035}.Release|Any CPU.Build.0 = Release|Any CPU
		{35B09508-BD4B-4524-972A-E27453B206E0}.Debug|Any CPU.ActiveCfg = Debug|Any CPU
		{35B09508-BD4B-4524-972A-E27453B206E0}.Debug|Any CPU.Build.0 = Debug|Any CPU
		{35B09508-BD4B-4524-972A-E27453B206E0}.Release|Any CPU.ActiveCfg = Release|Any CPU
		{35B09508-BD4B-4524-972A-E27453B206E0}.Release|Any CPU.Build.0 = Release|Any CPU
		{88DCFB0F-F7DB-4A0C-BF73-312FBBB0A885}.Debug|Any CPU.ActiveCfg = Debug|Any CPU
		{88DCFB0F-F7DB-4A0C-BF73-312FBBB0A885}.Debug|Any CPU.Build.0 = Debug|Any CPU
		{88DCFB0F-F7DB-4A0C-BF73-312FBBB0A885}.Release|Any CPU.ActiveCfg = Release|Any CPU
		{88DCFB0F-F7DB-4A0C-BF73-312FBBB0A885}.Release|Any CPU.Build.0 = Release|Any CPU
		{23EFF32D-AE70-42A6-BCCE-4B50975A69E2}.Debug|Any CPU.ActiveCfg = Debug|Any CPU
		{23EFF32D-AE70-42A6-BCCE-4B50975A69E2}.Debug|Any CPU.Build.0 = Debug|Any CPU
		{23EFF32D-AE70-42A6-BCCE-4B50975A69E2}.Release|Any CPU.ActiveCfg = Release|Any CPU
		{23EFF32D-AE70-42A6-BCCE-4B50975A69E2}.Release|Any CPU.Build.0 = Release|Any CPU
		{AB5A165A-CC8B-4A7C-B646-E63054226773}.Debug|Any CPU.ActiveCfg = Debug|Any CPU
		{AB5A165A-CC8B-4A7C-B646-E63054226773}.Debug|Any CPU.Build.0 = Debug|Any CPU
		{AB5A165A-CC8B-4A7C-B646-E63054226773}.Release|Any CPU.ActiveCfg = Release|Any CPU
		{AB5A165A-CC8B-4A7C-B646-E63054226773}.Release|Any CPU.Build.0 = Release|Any CPU
		{89311DB5-9BDE-4F86-AE28-5FD5AE5E045B}.Debug|Any CPU.ActiveCfg = Debug|Any CPU
		{89311DB5-9BDE-4F86-AE28-5FD5AE5E045B}.Debug|Any CPU.Build.0 = Debug|Any CPU
		{89311DB5-9BDE-4F86-AE28-5FD5AE5E045B}.Release|Any CPU.ActiveCfg = Release|Any CPU
		{89311DB5-9BDE-4F86-AE28-5FD5AE5E045B}.Release|Any CPU.Build.0 = Release|Any CPU
		{400F15F3-F174-4892-975E-4785DDF5C311}.Debug|Any CPU.ActiveCfg = Debug|Any CPU
		{400F15F3-F174-4892-975E-4785DDF5C311}.Debug|Any CPU.Build.0 = Debug|Any CPU
		{400F15F3-F174-4892-975E-4785DDF5C311}.Release|Any CPU.ActiveCfg = Release|Any CPU
		{400F15F3-F174-4892-975E-4785DDF5C311}.Release|Any CPU.Build.0 = Release|Any CPU
		{1A48B84A-D80E-4221-B4E0-0591CEA3FF2F}.Debug|Any CPU.ActiveCfg = Debug|Any CPU
		{1A48B84A-D80E-4221-B4E0-0591CEA3FF2F}.Debug|Any CPU.Build.0 = Debug|Any CPU
		{1A48B84A-D80E-4221-B4E0-0591CEA3FF2F}.Release|Any CPU.ActiveCfg = Release|Any CPU
		{1A48B84A-D80E-4221-B4E0-0591CEA3FF2F}.Release|Any CPU.Build.0 = Release|Any CPU
		{E0E7503C-B906-4E64-933B-05BD84D1C179}.Debug|Any CPU.ActiveCfg = Debug|Any CPU
		{E0E7503C-B906-4E64-933B-05BD84D1C179}.Debug|Any CPU.Build.0 = Debug|Any CPU
		{E0E7503C-B906-4E64-933B-05BD84D1C179}.Release|Any CPU.ActiveCfg = Release|Any CPU
		{E0E7503C-B906-4E64-933B-05BD84D1C179}.Release|Any CPU.Build.0 = Release|Any CPU
		{BE9FA260-1ED6-4616-B127-2918F26460BB}.Debug|Any CPU.ActiveCfg = Debug|Any CPU
		{BE9FA260-1ED6-4616-B127-2918F26460BB}.Debug|Any CPU.Build.0 = Debug|Any CPU
		{BE9FA260-1ED6-4616-B127-2918F26460BB}.Release|Any CPU.ActiveCfg = Release|Any CPU
		{BE9FA260-1ED6-4616-B127-2918F26460BB}.Release|Any CPU.Build.0 = Release|Any CPU
		{494430F0-5D9F-4A77-8659-281A469DBA9A}.Debug|Any CPU.ActiveCfg = Debug|Any CPU
		{494430F0-5D9F-4A77-8659-281A469DBA9A}.Debug|Any CPU.Build.0 = Debug|Any CPU
		{494430F0-5D9F-4A77-8659-281A469DBA9A}.Release|Any CPU.ActiveCfg = Release|Any CPU
		{494430F0-5D9F-4A77-8659-281A469DBA9A}.Release|Any CPU.Build.0 = Release|Any CPU
	EndGlobalSection
	GlobalSection(NestedProjects) = preSolution
		{F6A11AAC-75A4-4D98-9679-1625070F8206} = {F8EC1A68-31FF-47F5-AB9A-16BF92E919AA}
		{3CA46927-9A80-486F-9480-BCE3EC58B0B2} = {F8EC1A68-31FF-47F5-AB9A-16BF92E919AA}
		{AAC05F39-DE90-45EF-BC88-F09FDD538AAD} = {F8EC1A68-31FF-47F5-AB9A-16BF92E919AA}
		{4AF63575-1B2B-47CB-8D5B-C650CD0B4980} = {F8EC1A68-31FF-47F5-AB9A-16BF92E919AA}
		{4A02E4FA-DEAB-4428-8502-2259F61A3CBA} = {02594A13-17DD-4955-8E8E-846941275315}
		{DE59CFC6-9743-4335-AD57-2DA8EC41C852} = {02594A13-17DD-4955-8E8E-846941275315}
		{324F2B85-F3A0-479F-8D24-29EA2E8E555D} = {02594A13-17DD-4955-8E8E-846941275315}
		{7BA52BAA-8B27-447A-9F2E-5441BEC14498} = {02594A13-17DD-4955-8E8E-846941275315}
		{D065DA5B-4E77-45D9-8C54-54BDD6BDEE10} = {98D86BBB-8DE4-473D-AC3E-D586F4EA94D8}
		{F1895B29-22BE-450D-9292-8BB8395AF035} = {98D86BBB-8DE4-473D-AC3E-D586F4EA94D8}
		{35B09508-BD4B-4524-972A-E27453B206E0} = {98D86BBB-8DE4-473D-AC3E-D586F4EA94D8}
		{88DCFB0F-F7DB-4A0C-BF73-312FBBB0A885} = {48D8A473-FA77-4001-9B80-2173531968E6}
		{23EFF32D-AE70-42A6-BCCE-4B50975A69E2} = {48D8A473-FA77-4001-9B80-2173531968E6}
		{AB5A165A-CC8B-4A7C-B646-E63054226773} = {48D8A473-FA77-4001-9B80-2173531968E6}
		{89311DB5-9BDE-4F86-AE28-5FD5AE5E045B} = {75EB785E-E93C-4956-8B98-C3D426B1456C}
		{400F15F3-F174-4892-975E-4785DDF5C311} = {75EB785E-E93C-4956-8B98-C3D426B1456C}
		{1A48B84A-D80E-4221-B4E0-0591CEA3FF2F} = {75EB785E-E93C-4956-8B98-C3D426B1456C}
		{E0E7503C-B906-4E64-933B-05BD84D1C179} = {F6E0FE55-6205-47DA-9624-D80FF6FCDFF3}
		{BE9FA260-1ED6-4616-B127-2918F26460BB} = {07D67BE4-E195-45E3-AE33-4A09D7E27841}
		{494430F0-5D9F-4A77-8659-281A469DBA9A} = {07D67BE4-E195-45E3-AE33-4A09D7E27841}
	EndGlobalSection
EndGlobal
