
Microsoft Visual Studio Solution File, Format Version 12.00
Project("{2150E333-8FDC-42A3-9474-1A3956D46DE8}") = "Chapter1", "Chapter1", "{F8EC1A68-31FF-47F5-AB9A-16BF92E919AA}"
EndProject
Project("{F2A71F9B-5D33-465A-A702-920D77279786}") = "ex1", "ex1\ex1.fsproj", "{F6A11AAC-75A4-4D98-9679-1625070F8206}"
EndProject
Project("{F2A71F9B-5D33-465A-A702-920D77279786}") = "ex2", "ex2\ex2.fsproj", "{3CA46927-9A80-486F-9480-BCE3EC58B0B2}"
EndProject
Project("{F2A71F9B-5D33-465A-A702-920D77279786}") = "ex3", "ex3\ex3.fsproj", "{AAC05F39-DE90-45EF-BC88-F09FDD538AAD}"
EndProject
Project("{F2A71F9B-5D33-465A-A702-920D77279786}") = "ex4", "ex4\ex4.fsproj", "{4AF63575-1B2B-47CB-8D5B-C650CD0B4980}"
EndProject
Project("{F2A71F9B-5D33-465A-A702-920D77279786}") = "ex5", "ex5\ex5.fsproj", "{4A02E4FA-DEAB-4428-8502-2259F61A3CBA}"
EndProject
Project("{2150E333-8FDC-42A3-9474-1A3956D46DE8}") = "Chapter2", "Chapter2", "{02594A13-17DD-4955-8E8E-846941275315}"
EndProject
Project("{F2A71F9B-5D33-465A-A702-920D77279786}") = "ex6", "ex6\ex6.fsproj", "{DE59CFC6-9743-4335-AD57-2DA8EC41C852}"
EndProject
Project("{F2A71F9B-5D33-465A-A702-920D77279786}") = "ex7", "ex7\ex7.fsproj", "{324F2B85-F3A0-479F-8D24-29EA2E8E555D}"
EndProject
Project("{F2A71F9B-5D33-465A-A702-920D77279786}") = "ex8", "ex8\ex8.fsproj", "{7BA52BAA-8B27-447A-9F2E-5441BEC14498}"
EndProject
Global
	GlobalSection(SolutionConfigurationPlatforms) = preSolution
		Debug|Any CPU = Debug|Any CPU
		Release|Any CPU = Release|Any CPU
	EndGlobalSection
	GlobalSection(ProjectConfigurationPlatforms) = postSolution
		{F6A11AAC-75A4-4D98-9679-1625070F8206}.Debug|Any CPU.ActiveCfg = Debug|Any CPU
		{F6A11AAC-75A4-4D98-9679-1625070F8206}.Debug|Any CPU.Build.0 = Debug|Any CPU
		{F6A11AAC-75A4-4D98-9679-1625070F8206}.Release|Any CPU.ActiveCfg = Release|Any CPU
		{F6A11AAC-75A4-4D98-9679-1625070F8206}.Release|Any CPU.Build.0 = Release|Any CPU
		{3CA46927-9A80-486F-9480-BCE3EC58B0B2}.Debug|Any CPU.ActiveCfg = Debug|Any CPU
		{3CA46927-9A80-486F-9480-BCE3EC58B0B2}.Debug|Any CPU.Build.0 = Debug|Any CPU
		{3CA46927-9A80-486F-9480-BCE3EC58B0B2}.Release|Any CPU.ActiveCfg = Release|Any CPU
		{3CA46927-9A80-486F-9480-BCE3EC58B0B2}.Release|Any CPU.Build.0 = Release|Any CPU
		{AAC05F39-DE90-45EF-BC88-F09FDD538AAD}.Debug|Any CPU.ActiveCfg = Debug|Any CPU
		{AAC05F39-DE90-45EF-BC88-F09FDD538AAD}.Debug|Any CPU.Build.0 = Debug|Any CPU
		{AAC05F39-DE90-45EF-BC88-F09FDD538AAD}.Release|Any CPU.ActiveCfg = Release|Any CPU
		{AAC05F39-DE90-45EF-BC88-F09FDD538AAD}.Release|Any CPU.Build.0 = Release|Any CPU
		{4AF63575-1B2B-47CB-8D5B-C650CD0B4980}.Debug|Any CPU.ActiveCfg = Debug|Any CPU
		{4AF63575-1B2B-47CB-8D5B-C650CD0B4980}.Debug|Any CPU.Build.0 = Debug|Any CPU
		{4AF63575-1B2B-47CB-8D5B-C650CD0B4980}.Release|Any CPU.ActiveCfg = Release|Any CPU
		{4AF63575-1B2B-47CB-8D5B-C650CD0B4980}.Release|Any CPU.Build.0 = Release|Any CPU
		{4A02E4FA-DEAB-4428-8502-2259F61A3CBA}.Debug|Any CPU.ActiveCfg = Debug|Any CPU
		{4A02E4FA-DEAB-4428-8502-2259F61A3CBA}.Debug|Any CPU.Build.0 = Debug|Any CPU
		{4A02E4FA-DEAB-4428-8502-2259F61A3CBA}.Release|Any CPU.ActiveCfg = Release|Any CPU
		{4A02E4FA-DEAB-4428-8502-2259F61A3CBA}.Release|Any CPU.Build.0 = Release|Any CPU
		{DE59CFC6-9743-4335-AD57-2DA8EC41C852}.Debug|Any CPU.ActiveCfg = Debug|Any CPU
		{DE59CFC6-9743-4335-AD57-2DA8EC41C852}.Debug|Any CPU.Build.0 = Debug|Any CPU
		{DE59CFC6-9743-4335-AD57-2DA8EC41C852}.Release|Any CPU.ActiveCfg = Release|Any CPU
		{DE59CFC6-9743-4335-AD57-2DA8EC41C852}.Release|Any CPU.Build.0 = Release|Any CPU
		{324F2B85-F3A0-479F-8D24-29EA2E8E555D}.Debug|Any CPU.ActiveCfg = Debug|Any CPU
		{324F2B85-F3A0-479F-8D24-29EA2E8E555D}.Debug|Any CPU.Build.0 = Debug|Any CPU
		{324F2B85-F3A0-479F-8D24-29EA2E8E555D}.Release|Any CPU.ActiveCfg = Release|Any CPU
		{324F2B85-F3A0-479F-8D24-29EA2E8E555D}.Release|Any CPU.Build.0 = Release|Any CPU
		{7BA52BAA-8B27-447A-9F2E-5441BEC14498}.Debug|Any CPU.ActiveCfg = Debug|Any CPU
		{7BA52BAA-8B27-447A-9F2E-5441BEC14498}.Debug|Any CPU.Build.0 = Debug|Any CPU
		{7BA52BAA-8B27-447A-9F2E-5441BEC14498}.Release|Any CPU.ActiveCfg = Release|Any CPU
		{7BA52BAA-8B27-447A-9F2E-5441BEC14498}.Release|Any CPU.Build.0 = Release|Any CPU
	EndGlobalSection
	GlobalSection(NestedProjects) = preSolution
		{F6A11AAC-75A4-4D98-9679-1625070F8206} = {F8EC1A68-31FF-47F5-AB9A-16BF92E919AA}
		{3CA46927-9A80-486F-9480-BCE3EC58B0B2} = {F8EC1A68-31FF-47F5-AB9A-16BF92E919AA}
		{AAC05F39-DE90-45EF-BC88-F09FDD538AAD} = {F8EC1A68-31FF-47F5-AB9A-16BF92E919AA}
		{4AF63575-1B2B-47CB-8D5B-C650CD0B4980} = {F8EC1A68-31FF-47F5-AB9A-16BF92E919AA}
		{4A02E4FA-DEAB-4428-8502-2259F61A3CBA} = {02594A13-17DD-4955-8E8E-846941275315}
		{DE59CFC6-9743-4335-AD57-2DA8EC41C852} = {02594A13-17DD-4955-8E8E-846941275315}
		{324F2B85-F3A0-479F-8D24-29EA2E8E555D} = {02594A13-17DD-4955-8E8E-846941275315}
		{7BA52BAA-8B27-447A-9F2E-5441BEC14498} = {02594A13-17DD-4955-8E8E-846941275315}
	EndGlobalSection
EndGlobal
